
Microsoft Visual Studio Solution File, Format Version 12.00
# Visual Studio 14
VisualStudioVersion = 14.0.24720.0
MinimumVisualStudioVersion = 10.0.40219.1
Project("{FAE04EC0-301F-11D3-BF4B-00C04F79EFBC}") = "GameInventory", "GameInventory\GameInventory.csproj", "{59B6002A-25C6-4A01-871C-CBD646116279}"
EndProject
Project("{2150E333-8FDC-42A3-9474-1A3956D46DE8}") = "Solution Items", "Solution Items", "{8363E0DD-88FD-4FED-BCE0-4CD42744D9C2}"
EndProject
Project("{2150E333-8FDC-42A3-9474-1A3956D46DE8}") = "SQL", "SQL", "{CEF193D1-F5A1-4608-AD6D-99FBA37C3DAC}"
	ProjectSection(SolutionItems) = preProject
		SQL\dbo.Games_SelectAllByPlatform.sql = SQL\dbo.Games_SelectAllByPlatform.sql
		dbo.Games_SelectAllForPublisher.sql = dbo.Games_SelectAllForPublisher.sql
		dbo.RecentGames.sql = dbo.RecentGames.sql
		SQL\dbo.RecentGamesView.sql = SQL\dbo.RecentGamesView.sql
		Games_SelectAllForDeveloper.sql = Games_SelectAllForDeveloper.sql
		Grant.sql = Grant.sql
	EndProjectSection
EndProject
Global
	GlobalSection(SolutionConfigurationPlatforms) = preSolution
		Debug|Any CPU = Debug|Any CPU
		Deploy|Any CPU = Deploy|Any CPU
		Release|Any CPU = Release|Any CPU
	EndGlobalSection
	GlobalSection(ProjectConfigurationPlatforms) = postSolution
		{59B6002A-25C6-4A01-871C-CBD646116279}.Debug|Any CPU.ActiveCfg = Debug|Any CPU
		{59B6002A-25C6-4A01-871C-CBD646116279}.Debug|Any CPU.Build.0 = Debug|Any CPU
		{59B6002A-25C6-4A01-871C-CBD646116279}.Deploy|Any CPU.ActiveCfg = Deploy|Any CPU
		{59B6002A-25C6-4A01-871C-CBD646116279}.Deploy|Any CPU.Build.0 = Deploy|Any CPU
		{59B6002A-25C6-4A01-871C-CBD646116279}.Deploy|Any CPU.Deploy.0 = Deploy|Any CPU
		{59B6002A-25C6-4A01-871C-CBD646116279}.Release|Any CPU.ActiveCfg = Release|Any CPU
		{59B6002A-25C6-4A01-871C-CBD646116279}.Release|Any CPU.Build.0 = Release|Any CPU
	EndGlobalSection
	GlobalSection(SolutionProperties) = preSolution
		HideSolutionNode = FALSE
	EndGlobalSection
	GlobalSection(NestedProjects) = preSolution
		{CEF193D1-F5A1-4608-AD6D-99FBA37C3DAC} = {8363E0DD-88FD-4FED-BCE0-4CD42744D9C2}
	EndGlobalSection
EndGlobal
